uuid: 87cd0599-0e57-4af9-98a3-23a00616608e
langcode: en
status: true
dependencies:
  content:
    - 'block_content:homepage_hero:3b47e2d0-dbdf-486e-8204-8351e80fb91a'
  module:
    - block_content
    - system
  theme:
    - staffordshire
id: homepageblock
theme: staffordshire
region: banner
weight: -14
provider: null
plugin: 'block_content:3b47e2d0-dbdf-486e-8204-8351e80fb91a'
settings:
  id: 'block_content:3b47e2d0-dbdf-486e-8204-8351e80fb91a'
  label: 'Homepage Banner'
  label_display: '0'
  provider: block_content
  status: true
  info: ''
  view_mode: full
visibility:
  request_path:
    id: request_path
    negate: false
    context_mapping: {  }
    pages: '<front>'
